
Microsoft Visual Studio Solution File, Format Version 12.00
# Visual Studio Version 17
VisualStudioVersion = 17.5.002.0
MinimumVisualStudioVersion = 10.0.40219.1
Project("{9A19103F-16F7-4668-BE54-9A1E7A4F7556}") = "BlazingPizza", "BlazingPizza.csproj", "{5FC68837-68A6-4206-A1C3-4E17A0DB0B2D}"
EndProject
Global
	GlobalSection(SolutionConfigurationPlatforms) = preSolution
		Debug|Any CPU = Debug|Any CPU
		Release|Any CPU = Release|Any CPU
	EndGlobalSection
	GlobalSection(ProjectConfigurationPlatforms) = postSolution
		{5FC68837-68A6-4206-A1C3-4E17A0DB0B2D}.Debug|Any CPU.ActiveCfg = Debug|Any CPU
		{5FC68837-68A6-4206-A1C3-4E17A0DB0B2D}.Debug|Any CPU.Build.0 = Debug|Any CPU
		{5FC68837-68A6-4206-A1C3-4E17A0DB0B2D}.Release|Any CPU.ActiveCfg = Release|Any CPU
		{5FC68837-68A6-4206-A1C3-4E17A0DB0B2D}.Release|Any CPU.Build.0 = Release|Any CPU
	EndGlobalSection
	GlobalSection(SolutionProperties) = preSolution
		HideSolutionNode = FALSE
	EndGlobalSection
	GlobalSection(ExtensibilityGlobals) = postSolution
		SolutionGuid = {DD726678-5E0B-48DF-BF63-72051B23F87A}
	EndGlobalSection
EndGlobal
